// !$*UTF8*$!
{
	archiveVersion = 1;
	classes = {
	};
	objectVersion = 56;
	objects = {

/* Begin PBXBuildFile section */
		273AFC672A51C9A3005B764B /* AppDelegate.swift in Sources */ = {isa = PBXBuildFile; fileRef = 273AFC662A51C9A3005B764B /* AppDelegate.swift */; };
		273AFC692A51C9A3005B764B /* SceneDelegate.swift in Sources */ = {isa = PBXBuildFile; fileRef = 273AFC682A51C9A3005B764B /* SceneDelegate.swift */; };
		273AFC6B2A51C9A3005B764B /* ViewController.swift in Sources */ = {isa = PBXBuildFile; fileRef = 273AFC6A2A51C9A3005B764B /* ViewController.swift */; };
		273AFC6E2A51C9A3005B764B /* Main.storyboard in Resources */ = {isa = PBXBuildFile; fileRef = 273AFC6C2A51C9A3005B764B /* Main.storyboard */; };
		273AFC702A51C9A5005B764B /* Assets.xcassets in Resources */ = {isa = PBXBuildFile; fileRef = 273AFC6F2A51C9A5005B764B /* Assets.xcassets */; };
		273AFC732A51C9A5005B764B /* LaunchScreen.storyboard in Resources */ = {isa = PBXBuildFile; fileRef = 273AFC712A51C9A5005B764B /* LaunchScreen.storyboard */; };
		273AFC7B2A51CA1F005B764B /* Source.swift in Sources */ = {isa = PBXBuildFile; fileRef = 273AFC7A2A51CA1F005B764B /* Source.swift */; };
		273AFC7F2A533131005B764B /* CharacterCell.swift in Sources */ = {isa = PBXBuildFile; fileRef = 273AFC7E2A533131005B764B /* CharacterCell.swift */; };
		948877262A57204B002882C9 /* CharacterViewController.swift in Sources */ = {isa = PBXBuildFile; fileRef = 948877252A57204B002882C9 /* CharacterViewController.swift */; };
/* End PBXBuildFile section */

/* Begin PBXFileReference section */
		273AFC632A51C9A3005B764B /* Swift.cource.hw.app */ = {isa = PBXFileReference; explicitFileType = wrapper.application; includeInIndex = 0; path = Swift.cource.hw.app; sourceTree = BUILT_PRODUCTS_DIR; };
		273AFC662A51C9A3005B764B /* AppDelegate.swift */ = {isa = PBXFileReference; lastKnownFileType = sourcecode.swift; path = AppDelegate.swift; sourceTree = "<group>"; };
		273AFC682A51C9A3005B764B /* SceneDelegate.swift */ = {isa = PBXFileReference; lastKnownFileType = sourcecode.swift; path = SceneDelegate.swift; sourceTree = "<group>"; };
		273AFC6A2A51C9A3005B764B /* ViewController.swift */ = {isa = PBXFileReference; lastKnownFileType = sourcecode.swift; path = ViewController.swift; sourceTree = "<group>"; };
		273AFC6D2A51C9A3005B764B /* Base */ = {isa = PBXFileReference; lastKnownFileType = file.storyboard; name = Base; path = Base.lproj/Main.storyboard; sourceTree = "<group>"; };
		273AFC6F2A51C9A5005B764B /* Assets.xcassets */ = {isa = PBXFileReference; lastKnownFileType = folder.assetcatalog; path = Assets.xcassets; sourceTree = "<group>"; };
		273AFC722A51C9A5005B764B /* Base */ = {isa = PBXFileReference; lastKnownFileType = file.storyboard; name = Base; path = Base.lproj/LaunchScreen.storyboard; sourceTree = "<group>"; };
		273AFC742A51C9A5005B764B /* Info.plist */ = {isa = PBXFileReference; lastKnownFileType = text.plist.xml; path = Info.plist; sourceTree = "<group>"; };
		273AFC7A2A51CA1F005B764B /* Source.swift */ = {isa = PBXFileReference; lastKnownFileType = sourcecode.swift; path = Source.swift; sourceTree = SOURCE_ROOT; };
		273AFC7E2A533131005B764B /* CharacterCell.swift */ = {isa = PBXFileReference; lastKnownFileType = sourcecode.swift; path = CharacterCell.swift; sourceTree = SOURCE_ROOT; };
		948877252A57204B002882C9 /* CharacterViewController.swift */ = {isa = PBXFileReference; lastKnownFileType = sourcecode.swift; path = CharacterViewController.swift; sourceTree = SOURCE_ROOT; };
/* End PBXFileReference section */

/* Begin PBXFrameworksBuildPhase section */
		273AFC602A51C9A3005B764B /* Frameworks */ = {
			isa = PBXFrameworksBuildPhase;
			buildActionMask = 2147483647;
			files = (
			);
			runOnlyForDeploymentPostprocessing = 0;
		};
/* End PBXFrameworksBuildPhase section */

/* Begin PBXGroup section */
		273AFC5A2A51C9A3005B764B = {
			isa = PBXGroup;
			children = (
				273AFC652A51C9A3005B764B /* Swift.cource.hw */,
				273AFC642A51C9A3005B764B /* Products */,
			);
			sourceTree = "<group>";
		};
		273AFC642A51C9A3005B764B /* Products */ = {
			isa = PBXGroup;
			children = (
				273AFC632A51C9A3005B764B /* Swift.cource.hw.app */,
			);
			name = Products;
			sourceTree = "<group>";
		};
		273AFC652A51C9A3005B764B /* Swift.cource.hw */ = {
			isa = PBXGroup;
			children = (
				948877252A57204B002882C9 /* CharacterViewController.swift */,
				273AFC7E2A533131005B764B /* CharacterCell.swift */,
				273AFC7A2A51CA1F005B764B /* Source.swift */,
				273AFC662A51C9A3005B764B /* AppDelegate.swift */,
				273AFC682A51C9A3005B764B /* SceneDelegate.swift */,
				273AFC6A2A51C9A3005B764B /* ViewController.swift */,
				273AFC6C2A51C9A3005B764B /* Main.storyboard */,
				273AFC6F2A51C9A5005B764B /* Assets.xcassets */,
				273AFC712A51C9A5005B764B /* LaunchScreen.storyboard */,
				273AFC742A51C9A5005B764B /* Info.plist */,
			);
			path = Swift.cource.hw;
			sourceTree = "<group>";
		};
/* End PBXGroup section */

/* Begin PBXNativeTarget section */
		273AFC622A51C9A3005B764B /* Swift.cource.hw */ = {
			isa = PBXNativeTarget;
			buildConfigurationList = 273AFC772A51C9A5005B764B /* Build configuration list for PBXNativeTarget "Swift.cource.hw" */;
			buildPhases = (
				273AFC5F2A51C9A3005B764B /* Sources */,
				273AFC602A51C9A3005B764B /* Frameworks */,
				273AFC612A51C9A3005B764B /* Resources */,
			);
			buildRules = (
			);
			dependencies = (
			);
			name = Swift.cource.hw;
			productName = Swift.cource.hw;
			productReference = 273AFC632A51C9A3005B764B /* Swift.cource.hw.app */;
			productType = "com.apple.product-type.application";
		};
/* End PBXNativeTarget section */

/* Begin PBXProject section */
		273AFC5B2A51C9A3005B764B /* Project object */ = {
			isa = PBXProject;
			attributes = {
				BuildIndependentTargetsInParallel = 1;
				LastSwiftUpdateCheck = 1500;
				LastUpgradeCheck = 1500;
				TargetAttributes = {
					273AFC622A51C9A3005B764B = {
						CreatedOnToolsVersion = 15.0;
					};
				};
			};
			buildConfigurationList = 273AFC5E2A51C9A3005B764B /* Build configuration list for PBXProject "Swift.cource.hw" */;
			compatibilityVersion = "Xcode 14.0";
			developmentRegion = en;
			hasScannedForEncodings = 0;
			knownRegions = (
				en,
				Base,
			);
			mainGroup = 273AFC5A2A51C9A3005B764B;
			productRefGroup = 273AFC642A51C9A3005B764B /* Products */;
			projectDirPath = "";
			projectRoot = "";
			targets = (
				273AFC622A51C9A3005B764B /* Swift.cource.hw */,
			);
		};
/* End PBXProject section */

/* Begin PBXResourcesBuildPhase section */
		273AFC612A51C9A3005B764B /* Resources */ = {
			isa = PBXResourcesBuildPhase;
			buildActionMask = 2147483647;
			files = (
				273AFC732A51C9A5005B764B /* LaunchScreen.storyboard in Resources */,
				273AFC702A51C9A5005B764B /* Assets.xcassets in Resources */,
				273AFC6E2A51C9A3005B764B /* Main.storyboard in Resources */,
			);
			runOnlyForDeploymentPostprocessing = 0;
		};
/* End PBXResourcesBuildPhase section */

/* Begin PBXSourcesBuildPhase section */
		273AFC5F2A51C9A3005B764B /* Sources */ = {
			isa = PBXSourcesBuildPhase;
			buildActionMask = 2147483647;
			files = (
				948877262A57204B002882C9 /* CharacterViewController.swift in Sources */,
				273AFC7F2A533131005B764B /* CharacterCell.swift in Sources */,
				273AFC7B2A51CA1F005B764B /* Source.swift in Sources */,
				273AFC6B2A51C9A3005B764B /* ViewController.swift in Sources */,
				273AFC672A51C9A3005B764B /* AppDelegate.swift in Sources */,
				273AFC692A51C9A3005B764B /* SceneDelegate.swift in Sources */,
			);
			runOnlyForDeploymentPostprocessing = 0;
		};
/* End PBXSourcesBuildPhase section */

/* Begin PBXVariantGroup section */
		273AFC6C2A51C9A3005B764B /* Main.storyboard */ = {
			isa = PBXVariantGroup;
			children = (
				273AFC6D2A51C9A3005B764B /* Base */,
			);
			name = Main.storyboard;
			sourceTree = "<group>";
		};
		273AFC712A51C9A5005B764B /* LaunchScreen.storyboard */ = {
			isa = PBXVariantGroup;
			children = (
				273AFC722A51C9A5005B764B /* Base */,
			);
			name = LaunchScreen.storyboard;
			sourceTree = "<group>";
		};
/* End PBXVariantGroup section */

/* Begin XCBuildConfiguration section */
		273AFC752A51C9A5005B764B /* Debug */ = {
			isa = XCBuildConfiguration;
			buildSettings = {
				ALWAYS_SEARCH_USER_PATHS = NO;
				ASSETCATALOG_COMPILER_GENERATE_SWIFT_ASSET_SYMBOL_EXTENSIONS = YES;
				CLANG_ANALYZER_NONNULL = YES;
				CLANG_ANALYZER_NUMBER_OBJECT_CONVERSION = YES_AGGRESSIVE;
				CLANG_CXX_LANGUAGE_STANDARD = "gnu++20";
				CLANG_ENABLE_MODULES = YES;
				CLANG_ENABLE_OBJC_ARC = YES;
				CLANG_ENABLE_OBJC_WEAK = YES;
				CLANG_WARN_BLOCK_CAPTURE_AUTORELEASING = YES;
				CLANG_WARN_BOOL_CONVERSION = YES;
				CLANG_WARN_COMMA = YES;
				CLANG_WARN_CONSTANT_CONVERSION = YES;
				CLANG_WARN_DEPRECATED_OBJC_IMPLEMENTATIONS = YES;
				CLANG_WARN_DIRECT_OBJC_ISA_USAGE = YES_ERROR;
				CLANG_WARN_DOCUMENTATION_COMMENTS = YES;
				CLANG_WARN_EMPTY_BODY = YES;
				CLANG_WARN_ENUM_CONVERSION = YES;
				CLANG_WARN_INFINITE_RECURSION = YES;
				CLANG_WARN_INT_CONVERSION = YES;
				CLANG_WARN_NON_LITERAL_NULL_CONVERSION = YES;
				CLANG_WARN_OBJC_IMPLICIT_RETAIN_SELF = YES;
				CLANG_WARN_OBJC_LITERAL_CONVERSION = YES;
				CLANG_WARN_OBJC_ROOT_CLASS = YES_ERROR;
				CLANG_WARN_QUOTED_INCLUDE_IN_FRAMEWORK_HEADER = YES;
				CLANG_WARN_RANGE_LOOP_ANALYSIS = YES;
				CLANG_WARN_STRICT_PROTOTYPES = YES;
				CLANG_WARN_SUSPICIOUS_MOVE = YES;
				CLANG_WARN_UNGUARDED_AVAILABILITY = YES_AGGRESSIVE;
				CLANG_WARN_UNREACHABLE_CODE = YES;
				CLANG_WARN__DUPLICATE_METHOD_MATCH = YES;
				COPY_PHASE_STRIP = NO;
				DEBUG_INFORMATION_FORMAT = dwarf;
				ENABLE_STRICT_OBJC_MSGSEND = YES;
				ENABLE_TESTABILITY = YES;
				ENABLE_USER_SCRIPT_SANDBOXING = YES;
				GCC_C_LANGUAGE_STANDARD = gnu17;
				GCC_DYNAMIC_NO_PIC = NO;
				GCC_NO_COMMON_BLOCKS = YES;
				GCC_OPTIMIZATION_LEVEL = 0;
				GCC_PREPROCESSOR_DEFINITIONS = (
					"DEBUG=1",
					"$(inherited)",
				);
				GCC_WARN_64_TO_32_BIT_CONVERSION = YES;
				GCC_WARN_ABOUT_RETURN_TYPE = YES_ERROR;
				GCC_WARN_UNDECLARED_SELECTOR = YES;
				GCC_WARN_UNINITIALIZED_AUTOS = YES_AGGRESSIVE;
				GCC_WARN_UNUSED_FUNCTION = YES;
				GCC_WARN_UNUSED_VARIABLE = YES;
				IPHONEOS_DEPLOYMENT_TARGET = 17.0;
				LOCALIZATION_PREFERS_STRING_CATALOGS = YES;
				MTL_ENABLE_DEBUG_INFO = INCLUDE_SOURCE;
				MTL_FAST_MATH = YES;
				ONLY_ACTIVE_ARCH = YES;
				SDKROOT = iphoneos;
				SWIFT_ACTIVE_COMPILATION_CONDITIONS = "DEBUG $(inherited)";
				SWIFT_OPTIMIZATION_LEVEL = "-Onone";
			};
			name = Debug;
		};
		273AFC762A51C9A5005B764B /* Release */ = {
			isa = XCBuildConfiguration;
			buildSettings = {
				ALWAYS_SEARCH_USER_PATHS = NO;
				ASSETCATALOG_COMPILER_GENERATE_SWIFT_ASSET_SYMBOL_EXTENSIONS = YES;
				CLANG_ANALYZER_NONNULL = YES;
				CLANG_ANALYZER_NUMBER_OBJECT_CONVERSION = YES_AGGRESSIVE;
				CLANG_CXX_LANGUAGE_STANDARD = "gnu++20";
				CLANG_ENABLE_MODULES = YES;
				CLANG_ENABLE_OBJC_ARC = YES;
				CLANG_ENABLE_OBJC_WEAK = YES;
				CLANG_WARN_BLOCK_CAPTURE_AUTORELEASING = YES;
				CLANG_WARN_BOOL_CONVERSION = YES;
				CLANG_WARN_COMMA = YES;
				CLANG_WARN_CONSTANT_CONVERSION = YES;
				CLANG_WARN_DEPRECATED_OBJC_IMPLEMENTATIONS = YES;
				CLANG_WARN_DIRECT_OBJC_ISA_USAGE = YES_ERROR;
				CLANG_WARN_DOCUMENTATION_COMMENTS = YES;
				CLANG_WARN_EMPTY_BODY = YES;
				CLANG_WARN_ENUM_CONVERSION = YES;
				CLANG_WARN_INFINITE_RECURSION = YES;
				CLANG_WARN_INT_CONVERSION = YES;
				CLANG_WARN_NON_LITERAL_NULL_CONVERSION = YES;
				CLANG_WARN_OBJC_IMPLICIT_RETAIN_SELF = YES;
				CLANG_WARN_OBJC_LITERAL_CONVERSION = YES;
				CLANG_WARN_OBJC_ROOT_CLASS = YES_ERROR;
				CLANG_WARN_QUOTED_INCLUDE_IN_FRAMEWORK_HEADER = YES;
				CLANG_WARN_RANGE_LOOP_ANALYSIS = YES;
				CLANG_WARN_STRICT_PROTOTYPES = YES;
				CLANG_WARN_SUSPICIOUS_MOVE = YES;
				CLANG_WARN_UNGUARDED_AVAILABILITY = YES_AGGRESSIVE;
				CLANG_WARN_UNREACHABLE_CODE = YES;
				CLANG_WARN__DUPLICATE_METHOD_MATCH = YES;
				COPY_PHASE_STRIP = NO;
				DEBUG_INFORMATION_FORMAT = "dwarf-with-dsym";
				ENABLE_NS_ASSERTIONS = NO;
				ENABLE_STRICT_OBJC_MSGSEND = YES;
				ENABLE_USER_SCRIPT_SANDBOXING = YES;
				GCC_C_LANGUAGE_STANDARD = gnu17;
				GCC_NO_COMMON_BLOCKS = YES;
				GCC_WARN_64_TO_32_BIT_CONVERSION = YES;
				GCC_WARN_ABOUT_RETURN_TYPE = YES_ERROR;
				GCC_WARN_UNDECLARED_SELECTOR = YES;
				GCC_WARN_UNINITIALIZED_AUTOS = YES_AGGRESSIVE;
				GCC_WARN_UNUSED_FUNCTION = YES;
				GCC_WARN_UNUSED_VARIABLE = YES;
				IPHONEOS_DEPLOYMENT_TARGET = 17.0;
				LOCALIZATION_PREFERS_STRING_CATALOGS = YES;
				MTL_ENABLE_DEBUG_INFO = NO;
				MTL_FAST_MATH = YES;
				SDKROOT = iphoneos;
				SWIFT_COMPILATION_MODE = wholemodule;
				VALIDATE_PRODUCT = YES;
			};
			name = Release;
		};
		273AFC782A51C9A5005B764B /* Debug */ = {
			isa = XCBuildConfiguration;
			buildSettings = {
				ASSETCATALOG_COMPILER_APPICON_NAME = AppIcon;
				ASSETCATALOG_COMPILER_GLOBAL_ACCENT_COLOR_NAME = AccentColor;
				CODE_SIGN_STYLE = Automatic;
				CURRENT_PROJECT_VERSION = 1;
				GENERATE_INFOPLIST_FILE = YES;
				INFOPLIST_FILE = Swift.cource.hw/Info.plist;
				INFOPLIST_KEY_UIApplicationSupportsIndirectInputEvents = YES;
				INFOPLIST_KEY_UILaunchStoryboardName = LaunchScreen;
				INFOPLIST_KEY_UIMainStoryboardFile = Main;
				INFOPLIST_KEY_UISupportedInterfaceOrientations_iPad = "UIInterfaceOrientationPortrait UIInterfaceOrientationPortraitUpsideDown UIInterfaceOrientationLandscapeLeft UIInterfaceOrientationLandscapeRight";
				INFOPLIST_KEY_UISupportedInterfaceOrientations_iPhone = "UIInterfaceOrientationPortrait UIInterfaceOrientationLandscapeLeft UIInterfaceOrientationLandscapeRight";
				IPHONEOS_DEPLOYMENT_TARGET = 14.0;
				LD_RUNPATH_SEARCH_PATHS = (
					"$(inherited)",
					"@executable_path/Frameworks",
				);
				MARKETING_VERSION = 1.0;
				PRODUCT_BUNDLE_IDENTIFIER = "Innopolis.Swift-cource-hw";
				PRODUCT_NAME = "$(TARGET_NAME)";
				SWIFT_EMIT_LOC_STRINGS = YES;
				SWIFT_VERSION = 5.0;
				TARGETED_DEVICE_FAMILY = "1,2";
			};
			name = Debug;
		};
		273AFC792A51C9A5005B764B /* Release */ = {
			isa = XCBuildConfiguration;
			buildSettings = {
				ASSETCATALOG_COMPILER_APPICON_NAME = AppIcon;
				ASSETCATALOG_COMPILER_GLOBAL_ACCENT_COLOR_NAME = AccentColor;
				CODE_SIGN_STYLE = Automatic;
				CURRENT_PROJECT_VERSION = 1;
				GENERATE_INFOPLIST_FILE = YES;
				INFOPLIST_FILE = Swift.cource.hw/Info.plist;
				INFOPLIST_KEY_UIApplicationSupportsIndirectInputEvents = YES;
				INFOPLIST_KEY_UILaunchStoryboardName = LaunchScreen;
				INFOPLIST_KEY_UIMainStoryboardFile = Main;
				INFOPLIST_KEY_UISupportedInterfaceOrientations_iPad = "UIInterfaceOrientationPortrait UIInterfaceOrientationPortraitUpsideDown UIInterfaceOrientationLandscapeLeft UIInterfaceOrientationLandscapeRight";
				INFOPLIST_KEY_UISupportedInterfaceOrientations_iPhone = "UIInterfaceOrientationPortrait UIInterfaceOrientationLandscapeLeft UIInterfaceOrientationLandscapeRight";
				IPHONEOS_DEPLOYMENT_TARGET = 14.0;
				LD_RUNPATH_SEARCH_PATHS = (
					"$(inherited)",
					"@executable_path/Frameworks",
				);
				MARKETING_VERSION = 1.0;
				PRODUCT_BUNDLE_IDENTIFIER = "Innopolis.Swift-cource-hw";
				PRODUCT_NAME = "$(TARGET_NAME)";
				SWIFT_EMIT_LOC_STRINGS = YES;
				SWIFT_VERSION = 5.0;
				TARGETED_DEVICE_FAMILY = "1,2";
			};
			name = Release;
		};
/* End XCBuildConfiguration section */

/* Begin XCConfigurationList section */
		273AFC5E2A51C9A3005B764B /* Build configuration list for PBXProject "Swift.cource.hw" */ = {
			isa = XCConfigurationList;
			buildConfigurations = (
				273AFC752A51C9A5005B764B /* Debug */,
				273AFC762A51C9A5005B764B /* Release */,
			);
			defaultConfigurationIsVisible = 0;
			defaultConfigurationName = Release;
		};
		273AFC772A51C9A5005B764B /* Build configuration list for PBXNativeTarget "Swift.cource.hw" */ = {
			isa = XCConfigurationList;
			buildConfigurations = (
				273AFC782A51C9A5005B764B /* Debug */,
				273AFC792A51C9A5005B764B /* Release */,
			);
			defaultConfigurationIsVisible = 0;
			defaultConfigurationName = Release;
		};
/* End XCConfigurationList section */
	};
	rootObject = 273AFC5B2A51C9A3005B764B /* Project object */;
}
